
Microsoft Visual Studio Solution File, Format Version 12.00
# Visual Studio 15
VisualStudioVersion = 15.0.27428.2005
MinimumVisualStudioVersion = 10.0.40219.1
Project("{FAE04EC0-301F-11D3-BF4B-00C04F79EFBC}") = "Psychology_Game_Tester", "Psychology_Game_Tester\Psychology_Game_Tester.csproj", "{4D523DE9-FFBE-40A9-B22B-3A8CE08FC2D4}"
EndProject
Global
	GlobalSection(SolutionConfigurationPlatforms) = preSolution
		Debug|Any CPU = Debug|Any CPU
		Release|Any CPU = Release|Any CPU
	EndGlobalSection
	GlobalSection(ProjectConfigurationPlatforms) = postSolution
		{4D523DE9-FFBE-40A9-B22B-3A8CE08FC2D4}.Debug|Any CPU.ActiveCfg = Debug|Any CPU
		{4D523DE9-FFBE-40A9-B22B-3A8CE08FC2D4}.Debug|Any CPU.Build.0 = Debug|Any CPU
		{4D523DE9-FFBE-40A9-B22B-3A8CE08FC2D4}.Release|Any CPU.ActiveCfg = Release|Any CPU
		{4D523DE9-FFBE-40A9-B22B-3A8CE08FC2D4}.Release|Any CPU.Build.0 = Release|Any CPU
	EndGlobalSection
	GlobalSection(SolutionProperties) = preSolution
		HideSolutionNode = FALSE
	EndGlobalSection
	GlobalSection(ExtensibilityGlobals) = postSolution
		SolutionGuid = {E0B1CDD8-BE61-477F-95AC-DEC1D13D8CA2}
	EndGlobalSection
EndGlobal
